
Microsoft Visual Studio Solution File, Format Version 12.00
# Visual Studio Version 16
VisualStudioVersion = 16.0.29326.143
MinimumVisualStudioVersion = 10.0.40219.1
Project("{9A19103F-16F7-4668-BE54-9A1E7A4F7556}") = "AspNetCore.AsyncRequests", "AspNetCore.AsyncRequests\AspNetCore.AsyncRequests.csproj", "{1873BC52-3894-47D7-9A9C-B16EE1C617C5}"
EndProject
Project("{9A19103F-16F7-4668-BE54-9A1E7A4F7556}") = "BenchmarkAsync", "BenchmarkAsync\BenchmarkAsync.csproj", "{02B500C8-DA15-4D76-862A-CE23F4ED7DCB}"
EndProject
Project("{FAE04EC0-301F-11D3-BF4B-00C04F79EFBC}") = "Teste", "Teste\Teste.csproj", "{98648D54-5DC3-48FF-88DB-A92B6AA809CB}"
EndProject
Global
	GlobalSection(SolutionConfigurationPlatforms) = preSolution
		Debug|Any CPU = Debug|Any CPU
		Release|Any CPU = Release|Any CPU
	EndGlobalSection
	GlobalSection(ProjectConfigurationPlatforms) = postSolution
		{1873BC52-3894-47D7-9A9C-B16EE1C617C5}.Debug|Any CPU.ActiveCfg = Debug|Any CPU
		{1873BC52-3894-47D7-9A9C-B16EE1C617C5}.Debug|Any CPU.Build.0 = Debug|Any CPU
		{1873BC52-3894-47D7-9A9C-B16EE1C617C5}.Release|Any CPU.ActiveCfg = Release|Any CPU
		{1873BC52-3894-47D7-9A9C-B16EE1C617C5}.Release|Any CPU.Build.0 = Release|Any CPU
		{02B500C8-DA15-4D76-862A-CE23F4ED7DCB}.Debug|Any CPU.ActiveCfg = Debug|Any CPU
		{02B500C8-DA15-4D76-862A-CE23F4ED7DCB}.Debug|Any CPU.Build.0 = Debug|Any CPU
		{02B500C8-DA15-4D76-862A-CE23F4ED7DCB}.Release|Any CPU.ActiveCfg = Release|Any CPU
		{02B500C8-DA15-4D76-862A-CE23F4ED7DCB}.Release|Any CPU.Build.0 = Release|Any CPU
		{98648D54-5DC3-48FF-88DB-A92B6AA809CB}.Debug|Any CPU.ActiveCfg = Debug|Any CPU
		{98648D54-5DC3-48FF-88DB-A92B6AA809CB}.Debug|Any CPU.Build.0 = Debug|Any CPU
		{98648D54-5DC3-48FF-88DB-A92B6AA809CB}.Release|Any CPU.ActiveCfg = Release|Any CPU
		{98648D54-5DC3-48FF-88DB-A92B6AA809CB}.Release|Any CPU.Build.0 = Release|Any CPU
	EndGlobalSection
	GlobalSection(SolutionProperties) = preSolution
		HideSolutionNode = FALSE
	EndGlobalSection
	GlobalSection(ExtensibilityGlobals) = postSolution
		SolutionGuid = {621719C1-668E-40A0-BFED-8519D2A4D0AF}
	EndGlobalSection
EndGlobal
